
Microsoft Visual Studio Solution File, Format Version 12.00
# Visual Studio 15
VisualStudioVersion = 15.0.27428.2015
MinimumVisualStudioVersion = 10.0.40219.1
Project("{9A19103F-16F7-4668-BE54-9A1E7A4F7556}") = "Resume.Data", "Resume.Data\Resume.Data.csproj", "{7281D192-571B-4FCB-82B2-12CDA3E38041}"
EndProject
Project("{9A19103F-16F7-4668-BE54-9A1E7A4F7556}") = "Resume.Core", "Resume.Core\Resume.Core.csproj", "{980A2F91-09EA-43B5-8B04-4437ED153CE5}"
EndProject
Project("{9A19103F-16F7-4668-BE54-9A1E7A4F7556}") = "Resume.Impl", "Resume.Impl\Resume.Impl.csproj", "{80D5C675-9E6C-45BF-B508-52BA20BC5A59}"
EndProject
Project("{9A19103F-16F7-4668-BE54-9A1E7A4F7556}") = "Resume.Apresentation", "Resume.Apresentation\Resume.Apresentation.csproj", "{5E06A97C-5B85-43D5-BBDA-54EB11CAC659}"
EndProject
Project("{9A19103F-16F7-4668-BE54-9A1E7A4F7556}") = "Resume.Tests", "Resume.Tests\Resume.Tests.csproj", "{616BE93D-BE39-4F8F-95F3-F984E9B918A6}"
EndProject
Global
	GlobalSection(SolutionConfigurationPlatforms) = preSolution
		Debug|Any CPU = Debug|Any CPU
		Release|Any CPU = Release|Any CPU
	EndGlobalSection
	GlobalSection(ProjectConfigurationPlatforms) = postSolution
		{7281D192-571B-4FCB-82B2-12CDA3E38041}.Debug|Any CPU.ActiveCfg = Debug|Any CPU
		{7281D192-571B-4FCB-82B2-12CDA3E38041}.Debug|Any CPU.Build.0 = Debug|Any CPU
		{7281D192-571B-4FCB-82B2-12CDA3E38041}.Release|Any CPU.ActiveCfg = Release|Any CPU
		{7281D192-571B-4FCB-82B2-12CDA3E38041}.Release|Any CPU.Build.0 = Release|Any CPU
		{980A2F91-09EA-43B5-8B04-4437ED153CE5}.Debug|Any CPU.ActiveCfg = Debug|Any CPU
		{980A2F91-09EA-43B5-8B04-4437ED153CE5}.Debug|Any CPU.Build.0 = Debug|Any CPU
		{980A2F91-09EA-43B5-8B04-4437ED153CE5}.Release|Any CPU.ActiveCfg = Release|Any CPU
		{980A2F91-09EA-43B5-8B04-4437ED153CE5}.Release|Any CPU.Build.0 = Release|Any CPU
		{80D5C675-9E6C-45BF-B508-52BA20BC5A59}.Debug|Any CPU.ActiveCfg = Debug|Any CPU
		{80D5C675-9E6C-45BF-B508-52BA20BC5A59}.Debug|Any CPU.Build.0 = Debug|Any CPU
		{80D5C675-9E6C-45BF-B508-52BA20BC5A59}.Release|Any CPU.ActiveCfg = Release|Any CPU
		{80D5C675-9E6C-45BF-B508-52BA20BC5A59}.Release|Any CPU.Build.0 = Release|Any CPU
		{5E06A97C-5B85-43D5-BBDA-54EB11CAC659}.Debug|Any CPU.ActiveCfg = Debug|Any CPU
		{5E06A97C-5B85-43D5-BBDA-54EB11CAC659}.Debug|Any CPU.Build.0 = Debug|Any CPU
		{5E06A97C-5B85-43D5-BBDA-54EB11CAC659}.Release|Any CPU.ActiveCfg = Release|Any CPU
		{5E06A97C-5B85-43D5-BBDA-54EB11CAC659}.Release|Any CPU.Build.0 = Release|Any CPU
		{616BE93D-BE39-4F8F-95F3-F984E9B918A6}.Debug|Any CPU.ActiveCfg = Debug|Any CPU
		{616BE93D-BE39-4F8F-95F3-F984E9B918A6}.Debug|Any CPU.Build.0 = Debug|Any CPU
		{616BE93D-BE39-4F8F-95F3-F984E9B918A6}.Release|Any CPU.ActiveCfg = Release|Any CPU
		{616BE93D-BE39-4F8F-95F3-F984E9B918A6}.Release|Any CPU.Build.0 = Release|Any CPU
	EndGlobalSection
	GlobalSection(SolutionProperties) = preSolution
		HideSolutionNode = FALSE
	EndGlobalSection
	GlobalSection(ExtensibilityGlobals) = postSolution
		SolutionGuid = {121F3AAD-132D-4D63-A91C-FC7DB3EAB68A}
	EndGlobalSection
EndGlobal
